
Microsoft Visual Studio Solution File, Format Version 12.00
# Visual Studio Version 17
VisualStudioVersion = 17.7.34031.279
MinimumVisualStudioVersion = 10.0.40219.1
Project("{FAE04EC0-301F-11D3-BF4B-00C04F79EFBC}") = "Singleton", "Singleton\Singleton.csproj", "{B35230D0-B3A8-4CAD-8FA0-2DCAD5D8D256}"
EndProject
Project("{FAE04EC0-301F-11D3-BF4B-00C04F79EFBC}") = "FactoryMethod", "Factory Method\FactoryMethod.csproj", "{F7EE868E-8DF2-493E-9128-3A4AE4B52335}"
EndProject
Project("{FAE04EC0-301F-11D3-BF4B-00C04F79EFBC}") = "AbstractFactory", "AbstractFactory\AbstractFactory.csproj", "{38403882-1C2B-45C1-97B1-C46350249E1E}"
EndProject
Project("{FAE04EC0-301F-11D3-BF4B-00C04F79EFBC}") = "Prototype", "Prototype\Prototype.csproj", "{82F334B7-1285-4E59-9409-6D5045B62B08}"
EndProject
Project("{FAE04EC0-301F-11D3-BF4B-00C04F79EFBC}") = "Builder", "Builder\Builder.csproj", "{18755B7F-5087-48AF-90BA-940F3660544A}"
EndProject
Project("{FAE04EC0-301F-11D3-BF4B-00C04F79EFBC}") = "Facade", "Facade\Facade.csproj", "{599CE11B-7596-43DC-9D36-38712D64A401}"
EndProject
Project("{FAE04EC0-301F-11D3-BF4B-00C04F79EFBC}") = "Adapter", "Adapter\Adapter.csproj", "{AA8EA3C6-0BCD-4F13-A724-DF66208F9E5E}"
EndProject
Project("{FAE04EC0-301F-11D3-BF4B-00C04F79EFBC}") = "Composite", "Composite\Composite.csproj", "{0B9ED2AD-6A0A-45CB-90FB-16225E842B75}"
EndProject
Project("{FAE04EC0-301F-11D3-BF4B-00C04F79EFBC}") = "Proxy", "Proxy\Proxy.csproj", "{EAF2E5F7-56C9-4C22-BDD8-0E4E34D97FCC}"
EndProject
Project("{FAE04EC0-301F-11D3-BF4B-00C04F79EFBC}") = "Decorator", "Decorator\Decorator.csproj", "{88898129-8C70-45B2-A5AF-DA8C61F53B80}"
EndProject
Project("{FAE04EC0-301F-11D3-BF4B-00C04F79EFBC}") = "Bridge", "Bridge\Bridge.csproj", "{36036DEA-1989-4E1A-AC63-A6190960016E}"
EndProject
Project("{FAE04EC0-301F-11D3-BF4B-00C04F79EFBC}") = "Strategy", "Strategy\Strategy.csproj", "{D286F0F0-8BD6-4326-8AEC-5FCFC5BDAD39}"
EndProject
Project("{FAE04EC0-301F-11D3-BF4B-00C04F79EFBC}") = "Observer", "Observer\Observer.csproj", "{E52FDA6F-F045-4208-A64A-55F92C6B9CBC}"
EndProject
Project("{FAE04EC0-301F-11D3-BF4B-00C04F79EFBC}") = "ChainOfResponsibility", "ChainOfResponsibility\ChainOfResponsibility.csproj", "{7379F17C-6F42-4440-A8C6-5254A5895AB2}"
EndProject
Project("{FAE04EC0-301F-11D3-BF4B-00C04F79EFBC}") = "Memento", "Memento\Memento.csproj", "{88F87FF1-0ACA-49EE-8604-3D95D082D4BB}"
EndProject
Project("{FAE04EC0-301F-11D3-BF4B-00C04F79EFBC}") = "TemplateMethod", "TemplateMethod\TemplateMethod.csproj", "{63C41FFA-4751-457E-A9E2-4FE22226DA53}"
EndProject
Project("{FAE04EC0-301F-11D3-BF4B-00C04F79EFBC}") = "State", "State\State.csproj", "{797DDCA8-A954-4706-955E-5D895BB7812E}"
EndProject
Project("{FAE04EC0-301F-11D3-BF4B-00C04F79EFBC}") = "Mediator", "Mediator\Mediator.csproj", "{EAA184B7-7A89-4379-806F-40A6BD7A609C}"
EndProject
Project("{FAE04EC0-301F-11D3-BF4B-00C04F79EFBC}") = "Command", "Command\Command.csproj", "{3B86A2B9-633D-4E18-AFF4-437C994D40FA}"
EndProject
Project("{FAE04EC0-301F-11D3-BF4B-00C04F79EFBC}") = "Visitor", "Visitor\Visitor.csproj", "{FDC443F4-A015-42F4-AA7C-7660BB3D7A52}"
EndProject
Project("{FAE04EC0-301F-11D3-BF4B-00C04F79EFBC}") = "DependencyInjection", "DependencyInjection\DependencyInjection.csproj", "{67450B5B-02C4-4BEF-8BA9-2A428E295F1A}"
EndProject
Global
	GlobalSection(SolutionConfigurationPlatforms) = preSolution
		Debug|Any CPU = Debug|Any CPU
		Release|Any CPU = Release|Any CPU
	EndGlobalSection
	GlobalSection(ProjectConfigurationPlatforms) = postSolution
		{B35230D0-B3A8-4CAD-8FA0-2DCAD5D8D256}.Debug|Any CPU.ActiveCfg = Debug|Any CPU
		{B35230D0-B3A8-4CAD-8FA0-2DCAD5D8D256}.Debug|Any CPU.Build.0 = Debug|Any CPU
		{B35230D0-B3A8-4CAD-8FA0-2DCAD5D8D256}.Release|Any CPU.ActiveCfg = Release|Any CPU
		{B35230D0-B3A8-4CAD-8FA0-2DCAD5D8D256}.Release|Any CPU.Build.0 = Release|Any CPU
		{F7EE868E-8DF2-493E-9128-3A4AE4B52335}.Debug|Any CPU.ActiveCfg = Debug|Any CPU
		{F7EE868E-8DF2-493E-9128-3A4AE4B52335}.Debug|Any CPU.Build.0 = Debug|Any CPU
		{F7EE868E-8DF2-493E-9128-3A4AE4B52335}.Release|Any CPU.ActiveCfg = Release|Any CPU
		{F7EE868E-8DF2-493E-9128-3A4AE4B52335}.Release|Any CPU.Build.0 = Release|Any CPU
		{38403882-1C2B-45C1-97B1-C46350249E1E}.Debug|Any CPU.ActiveCfg = Debug|Any CPU
		{38403882-1C2B-45C1-97B1-C46350249E1E}.Debug|Any CPU.Build.0 = Debug|Any CPU
		{38403882-1C2B-45C1-97B1-C46350249E1E}.Release|Any CPU.ActiveCfg = Release|Any CPU
		{38403882-1C2B-45C1-97B1-C46350249E1E}.Release|Any CPU.Build.0 = Release|Any CPU
		{82F334B7-1285-4E59-9409-6D5045B62B08}.Debug|Any CPU.ActiveCfg = Debug|Any CPU
		{82F334B7-1285-4E59-9409-6D5045B62B08}.Debug|Any CPU.Build.0 = Debug|Any CPU
		{82F334B7-1285-4E59-9409-6D5045B62B08}.Release|Any CPU.ActiveCfg = Release|Any CPU
		{82F334B7-1285-4E59-9409-6D5045B62B08}.Release|Any CPU.Build.0 = Release|Any CPU
		{18755B7F-5087-48AF-90BA-940F3660544A}.Debug|Any CPU.ActiveCfg = Debug|Any CPU
		{18755B7F-5087-48AF-90BA-940F3660544A}.Debug|Any CPU.Build.0 = Debug|Any CPU
		{18755B7F-5087-48AF-90BA-940F3660544A}.Release|Any CPU.ActiveCfg = Release|Any CPU
		{18755B7F-5087-48AF-90BA-940F3660544A}.Release|Any CPU.Build.0 = Release|Any CPU
		{599CE11B-7596-43DC-9D36-38712D64A401}.Debug|Any CPU.ActiveCfg = Debug|Any CPU
		{599CE11B-7596-43DC-9D36-38712D64A401}.Debug|Any CPU.Build.0 = Debug|Any CPU
		{599CE11B-7596-43DC-9D36-38712D64A401}.Release|Any CPU.ActiveCfg = Release|Any CPU
		{599CE11B-7596-43DC-9D36-38712D64A401}.Release|Any CPU.Build.0 = Release|Any CPU
		{AA8EA3C6-0BCD-4F13-A724-DF66208F9E5E}.Debug|Any CPU.ActiveCfg = Debug|Any CPU
		{AA8EA3C6-0BCD-4F13-A724-DF66208F9E5E}.Debug|Any CPU.Build.0 = Debug|Any CPU
		{AA8EA3C6-0BCD-4F13-A724-DF66208F9E5E}.Release|Any CPU.ActiveCfg = Release|Any CPU
		{AA8EA3C6-0BCD-4F13-A724-DF66208F9E5E}.Release|Any CPU.Build.0 = Release|Any CPU
		{0B9ED2AD-6A0A-45CB-90FB-16225E842B75}.Debug|Any CPU.ActiveCfg = Debug|Any CPU
		{0B9ED2AD-6A0A-45CB-90FB-16225E842B75}.Debug|Any CPU.Build.0 = Debug|Any CPU
		{0B9ED2AD-6A0A-45CB-90FB-16225E842B75}.Release|Any CPU.ActiveCfg = Release|Any CPU
		{0B9ED2AD-6A0A-45CB-90FB-16225E842B75}.Release|Any CPU.Build.0 = Release|Any CPU
		{EAF2E5F7-56C9-4C22-BDD8-0E4E34D97FCC}.Debug|Any CPU.ActiveCfg = Debug|Any CPU
		{EAF2E5F7-56C9-4C22-BDD8-0E4E34D97FCC}.Debug|Any CPU.Build.0 = Debug|Any CPU
		{EAF2E5F7-56C9-4C22-BDD8-0E4E34D97FCC}.Release|Any CPU.ActiveCfg = Release|Any CPU
		{EAF2E5F7-56C9-4C22-BDD8-0E4E34D97FCC}.Release|Any CPU.Build.0 = Release|Any CPU
		{88898129-8C70-45B2-A5AF-DA8C61F53B80}.Debug|Any CPU.ActiveCfg = Debug|Any CPU
		{88898129-8C70-45B2-A5AF-DA8C61F53B80}.Debug|Any CPU.Build.0 = Debug|Any CPU
		{88898129-8C70-45B2-A5AF-DA8C61F53B80}.Release|Any CPU.ActiveCfg = Release|Any CPU
		{88898129-8C70-45B2-A5AF-DA8C61F53B80}.Release|Any CPU.Build.0 = Release|Any CPU
		{36036DEA-1989-4E1A-AC63-A6190960016E}.Debug|Any CPU.ActiveCfg = Debug|Any CPU
		{36036DEA-1989-4E1A-AC63-A6190960016E}.Debug|Any CPU.Build.0 = Debug|Any CPU
		{36036DEA-1989-4E1A-AC63-A6190960016E}.Release|Any CPU.ActiveCfg = Release|Any CPU
		{36036DEA-1989-4E1A-AC63-A6190960016E}.Release|Any CPU.Build.0 = Release|Any CPU
		{D286F0F0-8BD6-4326-8AEC-5FCFC5BDAD39}.Debug|Any CPU.ActiveCfg = Debug|Any CPU
		{D286F0F0-8BD6-4326-8AEC-5FCFC5BDAD39}.Debug|Any CPU.Build.0 = Debug|Any CPU
		{D286F0F0-8BD6-4326-8AEC-5FCFC5BDAD39}.Release|Any CPU.ActiveCfg = Release|Any CPU
		{D286F0F0-8BD6-4326-8AEC-5FCFC5BDAD39}.Release|Any CPU.Build.0 = Release|Any CPU
		{E52FDA6F-F045-4208-A64A-55F92C6B9CBC}.Debug|Any CPU.ActiveCfg = Debug|Any CPU
		{E52FDA6F-F045-4208-A64A-55F92C6B9CBC}.Debug|Any CPU.Build.0 = Debug|Any CPU
		{E52FDA6F-F045-4208-A64A-55F92C6B9CBC}.Release|Any CPU.ActiveCfg = Release|Any CPU
		{E52FDA6F-F045-4208-A64A-55F92C6B9CBC}.Release|Any CPU.Build.0 = Release|Any CPU
		{7379F17C-6F42-4440-A8C6-5254A5895AB2}.Debug|Any CPU.ActiveCfg = Debug|Any CPU
		{7379F17C-6F42-4440-A8C6-5254A5895AB2}.Debug|Any CPU.Build.0 = Debug|Any CPU
		{7379F17C-6F42-4440-A8C6-5254A5895AB2}.Release|Any CPU.ActiveCfg = Release|Any CPU
		{7379F17C-6F42-4440-A8C6-5254A5895AB2}.Release|Any CPU.Build.0 = Release|Any CPU
		{88F87FF1-0ACA-49EE-8604-3D95D082D4BB}.Debug|Any CPU.ActiveCfg = Debug|Any CPU
		{88F87FF1-0ACA-49EE-8604-3D95D082D4BB}.Debug|Any CPU.Build.0 = Debug|Any CPU
		{88F87FF1-0ACA-49EE-8604-3D95D082D4BB}.Release|Any CPU.ActiveCfg = Release|Any CPU
		{88F87FF1-0ACA-49EE-8604-3D95D082D4BB}.Release|Any CPU.Build.0 = Release|Any CPU
		{63C41FFA-4751-457E-A9E2-4FE22226DA53}.Debug|Any CPU.ActiveCfg = Debug|Any CPU
		{63C41FFA-4751-457E-A9E2-4FE22226DA53}.Debug|Any CPU.Build.0 = Debug|Any CPU
		{63C41FFA-4751-457E-A9E2-4FE22226DA53}.Release|Any CPU.ActiveCfg = Release|Any CPU
		{63C41FFA-4751-457E-A9E2-4FE22226DA53}.Release|Any CPU.Build.0 = Release|Any CPU
		{797DDCA8-A954-4706-955E-5D895BB7812E}.Debug|Any CPU.ActiveCfg = Debug|Any CPU
		{797DDCA8-A954-4706-955E-5D895BB7812E}.Debug|Any CPU.Build.0 = Debug|Any CPU
		{797DDCA8-A954-4706-955E-5D895BB7812E}.Release|Any CPU.ActiveCfg = Release|Any CPU
		{797DDCA8-A954-4706-955E-5D895BB7812E}.Release|Any CPU.Build.0 = Release|Any CPU
		{EAA184B7-7A89-4379-806F-40A6BD7A609C}.Debug|Any CPU.ActiveCfg = Debug|Any CPU
		{EAA184B7-7A89-4379-806F-40A6BD7A609C}.Debug|Any CPU.Build.0 = Debug|Any CPU
		{EAA184B7-7A89-4379-806F-40A6BD7A609C}.Release|Any CPU.ActiveCfg = Release|Any CPU
		{EAA184B7-7A89-4379-806F-40A6BD7A609C}.Release|Any CPU.Build.0 = Release|Any CPU
		{3B86A2B9-633D-4E18-AFF4-437C994D40FA}.Debug|Any CPU.ActiveCfg = Debug|Any CPU
		{3B86A2B9-633D-4E18-AFF4-437C994D40FA}.Debug|Any CPU.Build.0 = Debug|Any CPU
		{3B86A2B9-633D-4E18-AFF4-437C994D40FA}.Release|Any CPU.ActiveCfg = Release|Any CPU
		{3B86A2B9-633D-4E18-AFF4-437C994D40FA}.Release|Any CPU.Build.0 = Release|Any CPU
		{FDC443F4-A015-42F4-AA7C-7660BB3D7A52}.Debug|Any CPU.ActiveCfg = Debug|Any CPU
		{FDC443F4-A015-42F4-AA7C-7660BB3D7A52}.Debug|Any CPU.Build.0 = Debug|Any CPU
		{FDC443F4-A015-42F4-AA7C-7660BB3D7A52}.Release|Any CPU.ActiveCfg = Release|Any CPU
		{FDC443F4-A015-42F4-AA7C-7660BB3D7A52}.Release|Any CPU.Build.0 = Release|Any CPU
		{67450B5B-02C4-4BEF-8BA9-2A428E295F1A}.Debug|Any CPU.ActiveCfg = Debug|Any CPU
		{67450B5B-02C4-4BEF-8BA9-2A428E295F1A}.Debug|Any CPU.Build.0 = Debug|Any CPU
		{67450B5B-02C4-4BEF-8BA9-2A428E295F1A}.Release|Any CPU.ActiveCfg = Release|Any CPU
		{67450B5B-02C4-4BEF-8BA9-2A428E295F1A}.Release|Any CPU.Build.0 = Release|Any CPU
	EndGlobalSection
	GlobalSection(SolutionProperties) = preSolution
		HideSolutionNode = FALSE
	EndGlobalSection
	GlobalSection(ExtensibilityGlobals) = postSolution
		SolutionGuid = {8ACA8B1C-681C-49B0-9A57-90CF4B43DD66}
	EndGlobalSection
EndGlobal
